dependencies:
  espressif/esp_codec_dev:
    component_hash: 420a8a931f8bdfc74ae89c4d2ce634823d10e1865b1e9bdb8428bfe4a1060def
    dependencies:
    - name: idf
      require: private
      version: '>=4.0'
    source:
      registry_url: https://components.espressif.com/
      type: service
    version: 1.3.6
  idf:
    source:
      type: idf
    version: 5.5.5
direct_dependencies:
- espressif/esp_codec_dev
manifest_hash: ba4407f3392af2ac41ff158a570ed869b62896d4b1e597bff8be48936c10080c
target: esp32s3
version: 2.0.0
